
Microsoft Visual Studio Solution File, Format Version 12.00
# Visual Studio Version 16
VisualStudioVersion = 16.0.30907.101
MinimumVisualStudioVersion = 10.0.40219.1
Project("{FAE04EC0-301F-11D3-BF4B-00C04F79EFBC}") = "TrackingApp.Android", "TrackingApp\TrackingApp.Android\TrackingApp.Android.csproj", "{6A0E4B09-B6FB-4BA7-9E7D-3180CEE093E2}"
EndProject
Project("{FAE04EC0-301F-11D3-BF4B-00C04F79EFBC}") = "TrackingApp.iOS", "TrackingApp\TrackingApp.iOS\TrackingApp.iOS.csproj", "{1CD5B71E-B9D4-47D7-A0C5-654C9BFCA42D}"
EndProject
Project("{FAE04EC0-301F-11D3-BF4B-00C04F79EFBC}") = "TrackingApp", "TrackingApp\TrackingApp\TrackingApp.csproj", "{A70E2330-CF5E-40B7-9706-B158BCFCEF04}"
EndProject
Global
	GlobalSection(SolutionConfigurationPlatforms) = preSolution
		Debug|Any CPU = Debug|Any CPU
		Debug|iPhone = Debug|iPhone
		Debug|iPhoneSimulator = Debug|iPhoneSimulator
		Release|Any CPU = Release|Any CPU
		Release|iPhone = Release|iPhone
		Release|iPhoneSimulator = Release|iPhoneSimulator
	EndGlobalSection
	GlobalSection(ProjectConfigurationPlatforms) = postSolution
		{6A0E4B09-B6FB-4BA7-9E7D-3180CEE093E2}.Debug|Any CPU.ActiveCfg = Debug|Any CPU
		{6A0E4B09-B6FB-4BA7-9E7D-3180CEE093E2}.Debug|Any CPU.Build.0 = Debug|Any CPU
		{6A0E4B09-B6FB-4BA7-9E7D-3180CEE093E2}.Debug|Any CPU.Deploy.0 = Debug|Any CPU
		{6A0E4B09-B6FB-4BA7-9E7D-3180CEE093E2}.Debug|iPhone.ActiveCfg = Debug|Any CPU
		{6A0E4B09-B6FB-4BA7-9E7D-3180CEE093E2}.Debug|iPhone.Build.0 = Debug|Any CPU
		{6A0E4B09-B6FB-4BA7-9E7D-3180CEE093E2}.Debug|iPhone.Deploy.0 = Debug|Any CPU
		{6A0E4B09-B6FB-4BA7-9E7D-3180CEE093E2}.Debug|iPhoneSimulator.ActiveCfg = Debug|Any CPU
		{6A0E4B09-B6FB-4BA7-9E7D-3180CEE093E2}.Debug|iPhoneSimulator.Build.0 = Debug|Any CPU
		{6A0E4B09-B6FB-4BA7-9E7D-3180CEE093E2}.Debug|iPhoneSimulator.Deploy.0 = Debug|Any CPU
		{6A0E4B09-B6FB-4BA7-9E7D-3180CEE093E2}.Release|Any CPU.ActiveCfg = Release|Any CPU
		{6A0E4B09-B6FB-4BA7-9E7D-3180CEE093E2}.Release|Any CPU.Build.0 = Release|Any CPU
		{6A0E4B09-B6FB-4BA7-9E7D-3180CEE093E2}.Release|Any CPU.Deploy.0 = Release|Any CPU
		{6A0E4B09-B6FB-4BA7-9E7D-3180CEE093E2}.Release|iPhone.ActiveCfg = Release|Any CPU
		{6A0E4B09-B6FB-4BA7-9E7D-3180CEE093E2}.Release|iPhone.Build.0 = Release|Any CPU
		{6A0E4B09-B6FB-4BA7-9E7D-3180CEE093E2}.Release|iPhone.Deploy.0 = Release|Any CPU
		{6A0E4B09-B6FB-4BA7-9E7D-3180CEE093E2}.Release|iPhoneSimulator.ActiveCfg = Release|Any CPU
		{6A0E4B09-B6FB-4BA7-9E7D-3180CEE093E2}.Release|iPhoneSimulator.Build.0 = Release|Any CPU
		{6A0E4B09-B6FB-4BA7-9E7D-3180CEE093E2}.Release|iPhoneSimulator.Deploy.0 = Release|Any CPU
		{1CD5B71E-B9D4-47D7-A0C5-654C9BFCA42D}.Debug|Any CPU.ActiveCfg = Debug|iPhone
		{1CD5B71E-B9D4-47D7-A0C5-654C9BFCA42D}.Debug|Any CPU.Build.0 = Debug|iPhone
		{1CD5B71E-B9D4-47D7-A0C5-654C9BFCA42D}.Debug|Any CPU.Deploy.0 = Debug|iPhone
		{1CD5B71E-B9D4-47D7-A0C5-654C9BFCA42D}.Debug|iPhone.ActiveCfg = Debug|iPhone
		{1CD5B71E-B9D4-47D7-A0C5-654C9BFCA42D}.Debug|iPhone.Build.0 = Debug|iPhone
		{1CD5B71E-B9D4-47D7-A0C5-654C9BFCA42D}.Debug|iPhone.Deploy.0 = Debug|iPhone
		{1CD5B71E-B9D4-47D7-A0C5-654C9BFCA42D}.Debug|iPhoneSimulator.ActiveCfg = Debug|iPhoneSimulator
		{1CD5B71E-B9D4-47D7-A0C5-654C9BFCA42D}.Debug|iPhoneSimulator.Build.0 = Debug|iPhoneSimulator
		{1CD5B71E-B9D4-47D7-A0C5-654C9BFCA42D}.Debug|iPhoneSimulator.Deploy.0 = Debug|iPhoneSimulator
		{1CD5B71E-B9D4-47D7-A0C5-654C9BFCA42D}.Release|Any CPU.ActiveCfg = Release|iPhoneSimulator
		{1CD5B71E-B9D4-47D7-A0C5-654C9BFCA42D}.Release|Any CPU.Build.0 = Release|iPhoneSimulator
		{1CD5B71E-B9D4-47D7-A0C5-654C9BFCA42D}.Release|Any CPU.Deploy.0 = Release|iPhoneSimulator
		{1CD5B71E-B9D4-47D7-A0C5-654C9BFCA42D}.Release|iPhone.ActiveCfg = Release|iPhone
		{1CD5B71E-B9D4-47D7-A0C5-654C9BFCA42D}.Release|iPhone.Build.0 = Release|iPhone
		{1CD5B71E-B9D4-47D7-A0C5-654C9BFCA42D}.Release|iPhone.Deploy.0 = Release|iPhone
		{1CD5B71E-B9D4-47D7-A0C5-654C9BFCA42D}.Release|iPhoneSimulator.ActiveCfg = Release|iPhoneSimulator
		{1CD5B71E-B9D4-47D7-A0C5-654C9BFCA42D}.Release|iPhoneSimulator.Build.0 = Release|iPhoneSimulator
		{1CD5B71E-B9D4-47D7-A0C5-654C9BFCA42D}.Release|iPhoneSimulator.Deploy.0 = Release|iPhoneSimulator
		{A70E2330-CF5E-40B7-9706-B158BCFCEF04}.Debug|Any CPU.ActiveCfg = Debug|Any CPU
		{A70E2330-CF5E-40B7-9706-B158BCFCEF04}.Debug|Any CPU.Build.0 = Debug|Any CPU
		{A70E2330-CF5E-40B7-9706-B158BCFCEF04}.Debug|Any CPU.Deploy.0 = Debug|Any CPU
		{A70E2330-CF5E-40B7-9706-B158BCFCEF04}.Debug|iPhone.ActiveCfg = Debug|Any CPU
		{A70E2330-CF5E-40B7-9706-B158BCFCEF04}.Debug|iPhone.Build.0 = Debug|Any CPU
		{A70E2330-CF5E-40B7-9706-B158BCFCEF04}.Debug|iPhone.Deploy.0 = Debug|Any CPU
		{A70E2330-CF5E-40B7-9706-B158BCFCEF04}.Debug|iPhoneSimulator.ActiveCfg = Debug|Any CPU
		{A70E2330-CF5E-40B7-9706-B158BCFCEF04}.Debug|iPhoneSimulator.Build.0 = Debug|Any CPU
		{A70E2330-CF5E-40B7-9706-B158BCFCEF04}.Debug|iPhoneSimulator.Deploy.0 = Debug|Any CPU
		{A70E2330-CF5E-40B7-9706-B158BCFCEF04}.Release|Any CPU.ActiveCfg = Release|Any CPU
		{A70E2330-CF5E-40B7-9706-B158BCFCEF04}.Release|Any CPU.Build.0 = Release|Any CPU
		{A70E2330-CF5E-40B7-9706-B158BCFCEF04}.Release|Any CPU.Deploy.0 = Release|Any CPU
		{A70E2330-CF5E-40B7-9706-B158BCFCEF04}.Release|iPhone.ActiveCfg = Release|Any CPU
		{A70E2330-CF5E-40B7-9706-B158BCFCEF04}.Release|iPhone.Build.0 = Release|Any CPU
		{A70E2330-CF5E-40B7-9706-B158BCFCEF04}.Release|iPhone.Deploy.0 = Release|Any CPU
		{A70E2330-CF5E-40B7-9706-B158BCFCEF04}.Release|iPhoneSimulator.ActiveCfg = Release|Any CPU
		{A70E2330-CF5E-40B7-9706-B158BCFCEF04}.Release|iPhoneSimulator.Build.0 = Release|Any CPU
		{A70E2330-CF5E-40B7-9706-B158BCFCEF04}.Release|iPhoneSimulator.Deploy.0 = Release|Any CPU
	EndGlobalSection
	GlobalSection(SolutionProperties) = preSolution
		HideSolutionNode = FALSE
	EndGlobalSection
	GlobalSection(ExtensibilityGlobals) = postSolution
		SolutionGuid = {FEBB7CFE-6952-4122-B455-B123792CB880}
	EndGlobalSection
EndGlobal
